
Microsoft Visual Studio Solution File, Format Version 12.00
# Visual Studio Version 17
VisualStudioVersion = 17.5.002.0
MinimumVisualStudioVersion = 10.0.40219.1
Project("{9A19103F-16F7-4668-BE54-9A1E7A4F7556}") = "FunOlympic", "Backed\FunOlympic.csproj", "{7C2F184E-7C78-4185-B4FE-5A120DFE88C3}"
EndProject
Global
	GlobalSection(SolutionConfigurationPlatforms) = preSolution
		Debug|Any CPU = Debug|Any CPU
		Release|Any CPU = Release|Any CPU
	EndGlobalSection
	GlobalSection(ProjectConfigurationPlatforms) = postSolution
		{7C2F184E-7C78-4185-B4FE-5A120DFE88C3}.Debug|Any CPU.ActiveCfg = Debug|Any CPU
		{7C2F184E-7C78-4185-B4FE-5A120DFE88C3}.Debug|Any CPU.Build.0 = Debug|Any CPU
		{7C2F184E-7C78-4185-B4FE-5A120DFE88C3}.Release|Any CPU.ActiveCfg = Release|Any CPU
		{7C2F184E-7C78-4185-B4FE-5A120DFE88C3}.Release|Any CPU.Build.0 = Release|Any CPU
	EndGlobalSection
	GlobalSection(SolutionProperties) = preSolution
		HideSolutionNode = FALSE
	EndGlobalSection
	GlobalSection(ExtensibilityGlobals) = postSolution
		SolutionGuid = {E27DC035-7B45-4747-A190-6B3798E5FDB1}
	EndGlobalSection
EndGlobal
