
Microsoft Visual Studio Solution File, Format Version 12.00
# Visual Studio Version 17
VisualStudioVersion = 17.5.002.0
MinimumVisualStudioVersion = 10.0.40219.1
Project("{9A19103F-16F7-4668-BE54-9A1E7A4F7556}") = "FunOlympic", "FunOlympic.csproj", "{BA7E1033-A8D3-4212-8474-2261332D1029}"
EndProject
Global
	GlobalSection(SolutionConfigurationPlatforms) = preSolution
		Debug|Any CPU = Debug|Any CPU
		Release|Any CPU = Release|Any CPU
	EndGlobalSection
	GlobalSection(ProjectConfigurationPlatforms) = postSolution
		{BA7E1033-A8D3-4212-8474-2261332D1029}.Debug|Any CPU.ActiveCfg = Debug|Any CPU
		{BA7E1033-A8D3-4212-8474-2261332D1029}.Debug|Any CPU.Build.0 = Debug|Any CPU
		{BA7E1033-A8D3-4212-8474-2261332D1029}.Release|Any CPU.ActiveCfg = Release|Any CPU
		{BA7E1033-A8D3-4212-8474-2261332D1029}.Release|Any CPU.Build.0 = Release|Any CPU
	EndGlobalSection
	GlobalSection(SolutionProperties) = preSolution
		HideSolutionNode = FALSE
	EndGlobalSection
	GlobalSection(ExtensibilityGlobals) = postSolution
		SolutionGuid = {972E8197-1F53-4342-97EA-92E2F29069A5}
	EndGlobalSection
EndGlobal
